
Microsoft Visual Studio Solution File, Format Version 12.00
# Visual Studio Version 17
VisualStudioVersion = 17.10.35122.118
MinimumVisualStudioVersion = 10.0.40219.1
Project("{FAE04EC0-301F-11D3-BF4B-00C04F79EFBC}") = "CRUDAPI", "CRUDAPI.csproj", "{51113EAC-8F7D-4AD0-AA77-AC4EE33F9BE8}"
EndProject
Global
	GlobalSection(SolutionConfigurationPlatforms) = preSolution
		Debug|Any CPU = Debug|Any CPU
		Release|Any CPU = Release|Any CPU
	EndGlobalSection
	GlobalSection(ProjectConfigurationPlatforms) = postSolution
		{51113EAC-8F7D-4AD0-AA77-AC4EE33F9BE8}.Debug|Any CPU.ActiveCfg = Debug|Any CPU
		{51113EAC-8F7D-4AD0-AA77-AC4EE33F9BE8}.Debug|Any CPU.Build.0 = Debug|Any CPU
		{51113EAC-8F7D-4AD0-AA77-AC4EE33F9BE8}.Release|Any CPU.ActiveCfg = Release|Any CPU
		{51113EAC-8F7D-4AD0-AA77-AC4EE33F9BE8}.Release|Any CPU.Build.0 = Release|Any CPU
	EndGlobalSection
	GlobalSection(SolutionProperties) = preSolution
		HideSolutionNode = FALSE
	EndGlobalSection
	GlobalSection(ExtensibilityGlobals) = postSolution
		SolutionGuid = {F41E91EC-5688-4913-9813-09A9DF67FAD4}
	EndGlobalSection
EndGlobal
